// !$*UTF8*$!
{
	archiveVersion = 1;
	classes = {
	};
	objectVersion = 56;
	objects = {

/* Begin PBXBuildFile section */
		03697FA32A25BAAB004F81C5 /* TomorrowShows.swift in Sources */ = {isa = PBXBuildFile; fileRef = 03697FA22A25BAAB004F81C5 /* TomorrowShows.swift */; };
		03697FA52A25BEAE004F81C5 /* IndianTV.swift in Sources */ = {isa = PBXBuildFile; fileRef = 03697FA42A25BEAE004F81C5 /* IndianTV.swift */; };
		03697FA72A25C0BA004F81C5 /* Jokes.swift in Sources */ = {isa = PBXBuildFile; fileRef = 03697FA62A25C0BA004F81C5 /* Jokes.swift */; };
		036E76812A256F0600CE0463 /* APIExampleApp.swift in Sources */ = {isa = PBXBuildFile; fileRef = 036E76802A256F0600CE0463 /* APIExampleApp.swift */; };
		036E76832A256F0600CE0463 /* ContentView.swift in Sources */ = {isa = PBXBuildFile; fileRef = 036E76822A256F0600CE0463 /* ContentView.swift */; };
		036E76852A256F0700CE0463 /* Assets.xcassets in Resources */ = {isa = PBXBuildFile; fileRef = 036E76842A256F0700CE0463 /* Assets.xcassets */; };
		036E76882A256F0700CE0463 /* Preview Assets.xcassets in Resources */ = {isa = PBXBuildFile; fileRef = 036E76872A256F0700CE0463 /* Preview Assets.xcassets */; };
		036E768F2A256FC900CE0463 /* TabBar.swift in Sources */ = {isa = PBXBuildFile; fileRef = 036E768E2A256FC900CE0463 /* TabBar.swift */; };
		036E76912A2571DC00CE0463 /* YahooWeather.swift in Sources */ = {isa = PBXBuildFile; fileRef = 036E76902A2571DC00CE0463 /* YahooWeather.swift */; };
		036E76932A25753600CE0463 /* SearchBar.swift in Sources */ = {isa = PBXBuildFile; fileRef = 036E76922A25753600CE0463 /* SearchBar.swift */; };
		036E76952A25781400CE0463 /* IMDpMovies.swift in Sources */ = {isa = PBXBuildFile; fileRef = 036E76942A25781400CE0463 /* IMDpMovies.swift */; };
/* End PBXBuildFile section */

/* Begin PBXFileReference section */
		03697FA22A25BAAB004F81C5 /* TomorrowShows.swift */ = {isa = PBXFileReference; lastKnownFileType = sourcecode.swift; path = TomorrowShows.swift; sourceTree = "<group>"; };
		03697FA42A25BEAE004F81C5 /* IndianTV.swift */ = {isa = PBXFileReference; lastKnownFileType = sourcecode.swift; path = IndianTV.swift; sourceTree = "<group>"; };
		03697FA62A25C0BA004F81C5 /* Jokes.swift */ = {isa = PBXFileReference; lastKnownFileType = sourcecode.swift; path = Jokes.swift; sourceTree = "<group>"; };
		036E767D2A256F0600CE0463 /* APIExample.app */ = {isa = PBXFileReference; explicitFileType = wrapper.application; includeInIndex = 0; path = APIExample.app; sourceTree = BUILT_PRODUCTS_DIR; };
		036E76802A256F0600CE0463 /* APIExampleApp.swift */ = {isa = PBXFileReference; lastKnownFileType = sourcecode.swift; path = APIExampleApp.swift; sourceTree = "<group>"; };
		036E76822A256F0600CE0463 /* ContentView.swift */ = {isa = PBXFileReference; lastKnownFileType = sourcecode.swift; path = ContentView.swift; sourceTree = "<group>"; };
		036E76842A256F0700CE0463 /* Assets.xcassets */ = {isa = PBXFileReference; lastKnownFileType = folder.assetcatalog; path = Assets.xcassets; sourceTree = "<group>"; };
		036E76872A256F0700CE0463 /* Preview Assets.xcassets */ = {isa = PBXFileReference; lastKnownFileType = folder.assetcatalog; path = "Preview Assets.xcassets"; sourceTree = "<group>"; };
		036E768E2A256FC900CE0463 /* TabBar.swift */ = {isa = PBXFileReference; lastKnownFileType = sourcecode.swift; path = TabBar.swift; sourceTree = "<group>"; };
		036E76902A2571DC00CE0463 /* YahooWeather.swift */ = {isa = PBXFileReference; lastKnownFileType = sourcecode.swift; path = YahooWeather.swift; sourceTree = "<group>"; };
		036E76922A25753600CE0463 /* SearchBar.swift */ = {isa = PBXFileReference; lastKnownFileType = sourcecode.swift; path = SearchBar.swift; sourceTree = "<group>"; };
		036E76942A25781400CE0463 /* IMDpMovies.swift */ = {isa = PBXFileReference; lastKnownFileType = sourcecode.swift; path = IMDpMovies.swift; sourceTree = "<group>"; };
/* End PBXFileReference section */

/* Begin PBXFrameworksBuildPhase section */
		036E767A2A256F0600CE0463 /* Frameworks */ = {
			isa = PBXFrameworksBuildPhase;
			buildActionMask = 2147483647;
			files = (
			);
			runOnlyForDeploymentPostprocessing = 0;
		};
/* End PBXFrameworksBuildPhase section */

/* Begin PBXGroup section */
		036E76742A256F0600CE0463 = {
			isa = PBXGroup;
			children = (
				036E767F2A256F0600CE0463 /* APIExample */,
				036E767E2A256F0600CE0463 /* Products */,
			);
			sourceTree = "<group>";
		};
		036E767E2A256F0600CE0463 /* Products */ = {
			isa = PBXGroup;
			children = (
				036E767D2A256F0600CE0463 /* APIExample.app */,
			);
			name = Products;
			sourceTree = "<group>";
		};
		036E767F2A256F0600CE0463 /* APIExample */ = {
			isa = PBXGroup;
			children = (
				036E76802A256F0600CE0463 /* APIExampleApp.swift */,
				036E76822A256F0600CE0463 /* ContentView.swift */,
				036E76842A256F0700CE0463 /* Assets.xcassets */,
				036E76922A25753600CE0463 /* SearchBar.swift */,
				036E768E2A256FC900CE0463 /* TabBar.swift */,
				036E76902A2571DC00CE0463 /* YahooWeather.swift */,
				036E76942A25781400CE0463 /* IMDpMovies.swift */,
				03697FA22A25BAAB004F81C5 /* TomorrowShows.swift */,
				03697FA42A25BEAE004F81C5 /* IndianTV.swift */,
				03697FA62A25C0BA004F81C5 /* Jokes.swift */,
				036E76862A256F0700CE0463 /* Preview Content */,
			);
			path = APIExample;
			sourceTree = "<group>";
		};
		036E76862A256F0700CE0463 /* Preview Content */ = {
			isa = PBXGroup;
			children = (
				036E76872A256F0700CE0463 /* Preview Assets.xcassets */,
			);
			path = "Preview Content";
			sourceTree = "<group>";
		};
/* End PBXGroup section */

/* Begin PBXNativeTarget section */
		036E767C2A256F0600CE0463 /* APIExample */ = {
			isa = PBXNativeTarget;
			buildConfigurationList = 036E768B2A256F0700CE0463 /* Build configuration list for PBXNativeTarget "APIExample" */;
			buildPhases = (
				036E76792A256F0600CE0463 /* Sources */,
				036E767A2A256F0600CE0463 /* Frameworks */,
				036E767B2A256F0600CE0463 /* Resources */,
			);
			buildRules = (
			);
			dependencies = (
			);
			name = APIExample;
			productName = APIExample;
			productReference = 036E767D2A256F0600CE0463 /* APIExample.app */;
			productType = "com.apple.product-type.application";
		};
/* End PBXNativeTarget section */

/* Begin PBXProject section */
		036E76752A256F0600CE0463 /* Project object */ = {
			isa = PBXProject;
			attributes = {
				BuildIndependentTargetsInParallel = 1;
				LastSwiftUpdateCheck = 1420;
				LastUpgradeCheck = 1420;
				TargetAttributes = {
					036E767C2A256F0600CE0463 = {
						CreatedOnToolsVersion = 14.2;
					};
				};
			};
			buildConfigurationList = 036E76782A256F0600CE0463 /* Build configuration list for PBXProject "APIExample" */;
			compatibilityVersion = "Xcode 14.0";
			developmentRegion = en;
			hasScannedForEncodings = 0;
			knownRegions = (
				en,
				Base,
			);
			mainGroup = 036E76742A256F0600CE0463;
			productRefGroup = 036E767E2A256F0600CE0463 /* Products */;
			projectDirPath = "";
			projectRoot = "";
			targets = (
				036E767C2A256F0600CE0463 /* APIExample */,
			);
		};
/* End PBXProject section */

/* Begin PBXResourcesBuildPhase section */
		036E767B2A256F0600CE0463 /* Resources */ = {
			isa = PBXResourcesBuildPhase;
			buildActionMask = 2147483647;
			files = (
				036E76882A256F0700CE0463 /* Preview Assets.xcassets in Resources */,
				036E76852A256F0700CE0463 /* Assets.xcassets in Resources */,
			);
			runOnlyForDeploymentPostprocessing = 0;
		};
/* End PBXResourcesBuildPhase section */

/* Begin PBXSourcesBuildPhase section */
		036E76792A256F0600CE0463 /* Sources */ = {
			isa = PBXSourcesBuildPhase;
			buildActionMask = 2147483647;
			files = (
				036E768F2A256FC900CE0463 /* TabBar.swift in Sources */,
				036E76912A2571DC00CE0463 /* YahooWeather.swift in Sources */,
				03697FA32A25BAAB004F81C5 /* TomorrowShows.swift in Sources */,
				036E76952A25781400CE0463 /* IMDpMovies.swift in Sources */,
				036E76932A25753600CE0463 /* SearchBar.swift in Sources */,
				036E76832A256F0600CE0463 /* ContentView.swift in Sources */,
				03697FA52A25BEAE004F81C5 /* IndianTV.swift in Sources */,
				03697FA72A25C0BA004F81C5 /* Jokes.swift in Sources */,
				036E76812A256F0600CE0463 /* APIExampleApp.swift in Sources */,
			);
			runOnlyForDeploymentPostprocessing = 0;
		};
/* End PBXSourcesBuildPhase section */

/* Begin XCBuildConfiguration section */
		036E76892A256F0700CE0463 /* Debug */ = {
			isa = XCBuildConfiguration;
			buildSettings = {
				ALWAYS_SEARCH_USER_PATHS = NO;
				CLANG_ANALYZER_NONNULL = YES;
				CLANG_ANALYZER_NUMBER_OBJECT_CONVERSION = YES_AGGRESSIVE;
				CLANG_CXX_LANGUAGE_STANDARD = "gnu++20";
				CLANG_ENABLE_MODULES = YES;
				CLANG_ENABLE_OBJC_ARC = YES;
				CLANG_ENABLE_OBJC_WEAK = YES;
				CLANG_WARN_BLOCK_CAPTURE_AUTORELEASING = YES;
				CLANG_WARN_BOOL_CONVERSION = YES;
				CLANG_WARN_COMMA = YES;
				CLANG_WARN_CONSTANT_CONVERSION = YES;
				CLANG_WARN_DEPRECATED_OBJC_IMPLEMENTATIONS = YES;
				CLANG_WARN_DIRECT_OBJC_ISA_USAGE = YES_ERROR;
				CLANG_WARN_DOCUMENTATION_COMMENTS = YES;
				CLANG_WARN_EMPTY_BODY = YES;
				CLANG_WARN_ENUM_CONVERSION = YES;
				CLANG_WARN_INFINITE_RECURSION = YES;
				CLANG_WARN_INT_CONVERSION = YES;
				CLANG_WARN_NON_LITERAL_NULL_CONVERSION = YES;
				CLANG_WARN_OBJC_IMPLICIT_RETAIN_SELF = YES;
				CLANG_WARN_OBJC_LITERAL_CONVERSION = YES;
				CLANG_WARN_OBJC_ROOT_CLASS = YES_ERROR;
				CLANG_WARN_QUOTED_INCLUDE_IN_FRAMEWORK_HEADER = YES;
				CLANG_WARN_RANGE_LOOP_ANALYSIS = YES;
				CLANG_WARN_STRICT_PROTOTYPES = YES;
				CLANG_WARN_SUSPICIOUS_MOVE = YES;
				CLANG_WARN_UNGUARDED_AVAILABILITY = YES_AGGRESSIVE;
				CLANG_WARN_UNREACHABLE_CODE = YES;
				CLANG_WARN__DUPLICATE_METHOD_MATCH = YES;
				COPY_PHASE_STRIP = NO;
				DEBUG_INFORMATION_FORMAT = dwarf;
				ENABLE_STRICT_OBJC_MSGSEND = YES;
				ENABLE_TESTABILITY = YES;
				GCC_C_LANGUAGE_STANDARD = gnu11;
				GCC_DYNAMIC_NO_PIC = NO;
				GCC_NO_COMMON_BLOCKS = YES;
				GCC_OPTIMIZATION_LEVEL = 0;
				GCC_PREPROCESSOR_DEFINITIONS = (
					"DEBUG=1",
					"$(inherited)",
				);
				GCC_WARN_64_TO_32_BIT_CONVERSION = YES;
				GCC_WARN_ABOUT_RETURN_TYPE = YES_ERROR;
				GCC_WARN_UNDECLARED_SELECTOR = YES;
				GCC_WARN_UNINITIALIZED_AUTOS = YES_AGGRESSIVE;
				GCC_WARN_UNUSED_FUNCTION = YES;
				GCC_WARN_UNUSED_VARIABLE = YES;
				IPHONEOS_DEPLOYMENT_TARGET = 16.2;
				MTL_ENABLE_DEBUG_INFO = INCLUDE_SOURCE;
				MTL_FAST_MATH = YES;
				ONLY_ACTIVE_ARCH = YES;
				SDKROOT = iphoneos;
				SWIFT_ACTIVE_COMPILATION_CONDITIONS = DEBUG;
				SWIFT_OPTIMIZATION_LEVEL = "-Onone";
			};
			name = Debug;
		};
		036E768A2A256F0700CE0463 /* Release */ = {
			isa = XCBuildConfiguration;
			buildSettings = {
				ALWAYS_SEARCH_USER_PATHS = NO;
				CLANG_ANALYZER_NONNULL = YES;
				CLANG_ANALYZER_NUMBER_OBJECT_CONVERSION = YES_AGGRESSIVE;
				CLANG_CXX_LANGUAGE_STANDARD = "gnu++20";
				CLANG_ENABLE_MODULES = YES;
				CLANG_ENABLE_OBJC_ARC = YES;
				CLANG_ENABLE_OBJC_WEAK = YES;
				CLANG_WARN_BLOCK_CAPTURE_AUTORELEASING = YES;
				CLANG_WARN_BOOL_CONVERSION = YES;
				CLANG_WARN_COMMA = YES;
				CLANG_WARN_CONSTANT_CONVERSION = YES;
				CLANG_WARN_DEPRECATED_OBJC_IMPLEMENTATIONS = YES;
				CLANG_WARN_DIRECT_OBJC_ISA_USAGE = YES_ERROR;
				CLANG_WARN_DOCUMENTATION_COMMENTS = YES;
				CLANG_WARN_EMPTY_BODY = YES;
				CLANG_WARN_ENUM_CONVERSION = YES;
				CLANG_WARN_INFINITE_RECURSION = YES;
				CLANG_WARN_INT_CONVERSION = YES;
				CLANG_WARN_NON_LITERAL_NULL_CONVERSION = YES;
				CLANG_WARN_OBJC_IMPLICIT_RETAIN_SELF = YES;
				CLANG_WARN_OBJC_LITERAL_CONVERSION = YES;
				CLANG_WARN_OBJC_ROOT_CLASS = YES_ERROR;
				CLANG_WARN_QUOTED_INCLUDE_IN_FRAMEWORK_HEADER = YES;
				CLANG_WARN_RANGE_LOOP_ANALYSIS = YES;
				CLANG_WARN_STRICT_PROTOTYPES = YES;
				CLANG_WARN_SUSPICIOUS_MOVE = YES;
				CLANG_WARN_UNGUARDED_AVAILABILITY = YES_AGGRESSIVE;
				CLANG_WARN_UNREACHABLE_CODE = YES;
				CLANG_WARN__DUPLICATE_METHOD_MATCH = YES;
				COPY_PHASE_STRIP = NO;
				DEBUG_INFORMATION_FORMAT = "dwarf-with-dsym";
				ENABLE_NS_ASSERTIONS = NO;
				ENABLE_STRICT_OBJC_MSGSEND = YES;
				GCC_C_LANGUAGE_STANDARD = gnu11;
				GCC_NO_COMMON_BLOCKS = YES;
				GCC_WARN_64_TO_32_BIT_CONVERSION = YES;
				GCC_WARN_ABOUT_RETURN_TYPE = YES_ERROR;
				GCC_WARN_UNDECLARED_SELECTOR = YES;
				GCC_WARN_UNINITIALIZED_AUTOS = YES_AGGRESSIVE;
				GCC_WARN_UNUSED_FUNCTION = YES;
				GCC_WARN_UNUSED_VARIABLE = YES;
				IPHONEOS_DEPLOYMENT_TARGET = 16.2;
				MTL_ENABLE_DEBUG_INFO = NO;
				MTL_FAST_MATH = YES;
				SDKROOT = iphoneos;
				SWIFT_COMPILATION_MODE = wholemodule;
				SWIFT_OPTIMIZATION_LEVEL = "-O";
				VALIDATE_PRODUCT = YES;
			};
			name = Release;
		};
		036E768C2A256F0700CE0463 /* Debug */ = {
			isa = XCBuildConfiguration;
			buildSettings = {
				ASSETCATALOG_COMPILER_APPICON_NAME = AppIcon;
				ASSETCATALOG_COMPILER_GLOBAL_ACCENT_COLOR_NAME = AccentColor;
				CODE_SIGN_STYLE = Automatic;
				CURRENT_PROJECT_VERSION = 1;
				DEVELOPMENT_ASSET_PATHS = "\"APIExample/Preview Content\"";
				DEVELOPMENT_TEAM = RWX4BM392G;
				ENABLE_PREVIEWS = YES;
				GENERATE_INFOPLIST_FILE = YES;
				INFOPLIST_KEY_UIApplicationSceneManifest_Generation = YES;
				INFOPLIST_KEY_UIApplicationSupportsIndirectInputEvents = YES;
				INFOPLIST_KEY_UILaunchScreen_Generation = YES;
				INFOPLIST_KEY_UISupportedInterfaceOrientations_iPad = "UIInterfaceOrientationPortrait UIInterfaceOrientationPortraitUpsideDown UIInterfaceOrientationLandscapeLeft UIInterfaceOrientationLandscapeRight";
				INFOPLIST_KEY_UISupportedInterfaceOrientations_iPhone = "UIInterfaceOrientationPortrait UIInterfaceOrientationLandscapeLeft UIInterfaceOrientationLandscapeRight";
				LD_RUNPATH_SEARCH_PATHS = (
					"$(inherited)",
					"@executable_path/Frameworks",
				);
				MARKETING_VERSION = 1.0;
				PRODUCT_BUNDLE_IDENTIFIER = com.example.APIExample;
				PRODUCT_NAME = "$(TARGET_NAME)";
				SWIFT_EMIT_LOC_STRINGS = YES;
				SWIFT_VERSION = 5.0;
				TARGETED_DEVICE_FAMILY = "1,2";
			};
			name = Debug;
		};
		036E768D2A256F0700CE0463 /* Release */ = {
			isa = XCBuildConfiguration;
			buildSettings = {
				ASSETCATALOG_COMPILER_APPICON_NAME = AppIcon;
				ASSETCATALOG_COMPILER_GLOBAL_ACCENT_COLOR_NAME = AccentColor;
				CODE_SIGN_STYLE = Automatic;
				CURRENT_PROJECT_VERSION = 1;
				DEVELOPMENT_ASSET_PATHS = "\"APIExample/Preview Content\"";
				DEVELOPMENT_TEAM = RWX4BM392G;
				ENABLE_PREVIEWS = YES;
				GENERATE_INFOPLIST_FILE = YES;
				INFOPLIST_KEY_UIApplicationSceneManifest_Generation = YES;
				INFOPLIST_KEY_UIApplicationSupportsIndirectInputEvents = YES;
				INFOPLIST_KEY_UILaunchScreen_Generation = YES;
				INFOPLIST_KEY_UISupportedInterfaceOrientations_iPad = "UIInterfaceOrientationPortrait UIInterfaceOrientationPortraitUpsideDown UIInterfaceOrientationLandscapeLeft UIInterfaceOrientationLandscapeRight";
				INFOPLIST_KEY_UISupportedInterfaceOrientations_iPhone = "UIInterfaceOrientationPortrait UIInterfaceOrientationLandscapeLeft UIInterfaceOrientationLandscapeRight";
				LD_RUNPATH_SEARCH_PATHS = (
					"$(inherited)",
					"@executable_path/Frameworks",
				);
				MARKETING_VERSION = 1.0;
				PRODUCT_BUNDLE_IDENTIFIER = com.example.APIExample;
				PRODUCT_NAME = "$(TARGET_NAME)";
				SWIFT_EMIT_LOC_STRINGS = YES;
				SWIFT_VERSION = 5.0;
				TARGETED_DEVICE_FAMILY = "1,2";
			};
			name = Release;
		};
/* End XCBuildConfiguration section */

/* Begin XCConfigurationList section */
		036E76782A256F0600CE0463 /* Build configuration list for PBXProject "APIExample" */ = {
			isa = XCConfigurationList;
			buildConfigurations = (
				036E76892A256F0700CE0463 /* Debug */,
				036E768A2A256F0700CE0463 /* Release */,
			);
			defaultConfigurationIsVisible = 0;
			defaultConfigurationName = Release;
		};
		036E768B2A256F0700CE0463 /* Build configuration list for PBXNativeTarget "APIExample" */ = {
			isa = XCConfigurationList;
			buildConfigurations = (
				036E768C2A256F0700CE0463 /* Debug */,
				036E768D2A256F0700CE0463 /* Release */,
			);
			defaultConfigurationIsVisible = 0;
			defaultConfigurationName = Release;
		};
/* End XCConfigurationList section */
	};
	rootObject = 036E76752A256F0600CE0463 /* Project object */;
}
